
Microsoft Visual Studio Solution File, Format Version 12.00
# Visual Studio Version 17
VisualStudioVersion = 17.5.002.0
MinimumVisualStudioVersion = 10.0.40219.1
Project("{9A19103F-16F7-4668-BE54-9A1E7A4F7556}") = "ConsoleApp1", "ConsoleApp1.csproj", "{184FDB83-AE28-436E-9AB5-FFD34E98EF32}"
EndProject
Global
	GlobalSection(SolutionConfigurationPlatforms) = preSolution
		Debug|Any CPU = Debug|Any CPU
		Release|Any CPU = Release|Any CPU
	EndGlobalSection
	GlobalSection(ProjectConfigurationPlatforms) = postSolution
		{184FDB83-AE28-436E-9AB5-FFD34E98EF32}.Debug|Any CPU.ActiveCfg = Debug|Any CPU
		{184FDB83-AE28-436E-9AB5-FFD34E98EF32}.Debug|Any CPU.Build.0 = Debug|Any CPU
		{184FDB83-AE28-436E-9AB5-FFD34E98EF32}.Release|Any CPU.ActiveCfg = Release|Any CPU
		{184FDB83-AE28-436E-9AB5-FFD34E98EF32}.Release|Any CPU.Build.0 = Release|Any CPU
	EndGlobalSection
	GlobalSection(SolutionProperties) = preSolution
		HideSolutionNode = FALSE
	EndGlobalSection
	GlobalSection(ExtensibilityGlobals) = postSolution
		SolutionGuid = {7F5CE6AA-B01D-4958-BEFA-1EC94EFF3AC1}
	EndGlobalSection
EndGlobal
